// !$*UTF8*$!
{
	archiveVersion = 1;
	classes = {
	};
	objectVersion = 50;
	objects = {

/* Begin PBXBuildFile section */
		32D7530B264830AA00303B1A /* Tests_iOS.swift in Sources */ = {isa = PBXBuildFile; fileRef = 32D7530A264830AA00303B1A /* Tests_iOS.swift */; };
		32D75316264830AA00303B1A /* Tests_macOS.swift in Sources */ = {isa = PBXBuildFile; fileRef = 32D75315264830AA00303B1A /* Tests_macOS.swift */; };
		32D75318264830AA00303B1A /* PockPaperScissorsApp.swift in Sources */ = {isa = PBXBuildFile; fileRef = 32D752EF264830A900303B1A /* PockPaperScissorsApp.swift */; };
		32D75319264830AA00303B1A /* PockPaperScissorsApp.swift in Sources */ = {isa = PBXBuildFile; fileRef = 32D752EF264830A900303B1A /* PockPaperScissorsApp.swift */; };
		32D7531A264830AA00303B1A /* ContentView.swift in Sources */ = {isa = PBXBuildFile; fileRef = 32D752F0264830A900303B1A /* ContentView.swift */; };
		32D7531B264830AA00303B1A /* ContentView.swift in Sources */ = {isa = PBXBuildFile; fileRef = 32D752F0264830A900303B1A /* ContentView.swift */; };
		32D7531C264830AA00303B1A /* Assets.xcassets in Resources */ = {isa = PBXBuildFile; fileRef = 32D752F1264830AA00303B1A /* Assets.xcassets */; };
		32D7531D264830AA00303B1A /* Assets.xcassets in Resources */ = {isa = PBXBuildFile; fileRef = 32D752F1264830AA00303B1A /* Assets.xcassets */; };
/* End PBXBuildFile section */

/* Begin PBXContainerItemProxy section */
		32D75307264830AA00303B1A /* PBXContainerItemProxy */ = {
			isa = PBXContainerItemProxy;
			containerPortal = 32D752EA264830A900303B1A /* Project object */;
			proxyType = 1;
			remoteGlobalIDString = 32D752F5264830AA00303B1A;
			remoteInfo = "PockPaperScissors (iOS)";
		};
		32D75312264830AA00303B1A /* PBXContainerItemProxy */ = {
			isa = PBXContainerItemProxy;
			containerPortal = 32D752EA264830A900303B1A /* Project object */;
			proxyType = 1;
			remoteGlobalIDString = 32D752FD264830AA00303B1A;
			remoteInfo = "PockPaperScissors (macOS)";
		};
/* End PBXContainerItemProxy section */

/* Begin PBXFileReference section */
		32D752EF264830A900303B1A /* PockPaperScissorsApp.swift */ = {isa = PBXFileReference; lastKnownFileType = sourcecode.swift; path = PockPaperScissorsApp.swift; sourceTree = "<group>"; };
		32D752F0264830A900303B1A /* ContentView.swift */ = {isa = PBXFileReference; lastKnownFileType = sourcecode.swift; path = ContentView.swift; sourceTree = "<group>"; };
		32D752F1264830AA00303B1A /* Assets.xcassets */ = {isa = PBXFileReference; lastKnownFileType = folder.assetcatalog; path = Assets.xcassets; sourceTree = "<group>"; };
		32D752F6264830AA00303B1A /* PockPaperScissors.app */ = {isa = PBXFileReference; explicitFileType = wrapper.application; includeInIndex = 0; path = PockPaperScissors.app; sourceTree = BUILT_PRODUCTS_DIR; };
		32D752F9264830AA00303B1A /* Info.plist */ = {isa = PBXFileReference; lastKnownFileType = text.plist.xml; path = Info.plist; sourceTree = "<group>"; };
		32D752FE264830AA00303B1A /* PockPaperScissors.app */ = {isa = PBXFileReference; explicitFileType = wrapper.application; includeInIndex = 0; path = PockPaperScissors.app; sourceTree = BUILT_PRODUCTS_DIR; };
		32D75300264830AA00303B1A /* Info.plist */ = {isa = PBXFileReference; lastKnownFileType = text.plist.xml; path = Info.plist; sourceTree = "<group>"; };
		32D75301264830AA00303B1A /* macOS.entitlements */ = {isa = PBXFileReference; lastKnownFileType = text.plist.entitlements; path = macOS.entitlements; sourceTree = "<group>"; };
		32D75306264830AA00303B1A /* Tests iOS.xctest */ = {isa = PBXFileReference; explicitFileType = wrapper.cfbundle; includeInIndex = 0; path = "Tests iOS.xctest"; sourceTree = BUILT_PRODUCTS_DIR; };
		32D7530A264830AA00303B1A /* Tests_iOS.swift */ = {isa = PBXFileReference; lastKnownFileType = sourcecode.swift; path = Tests_iOS.swift; sourceTree = "<group>"; };
		32D7530C264830AA00303B1A /* Info.plist */ = {isa = PBXFileReference; lastKnownFileType = text.plist.xml; path = Info.plist; sourceTree = "<group>"; };
		32D75311264830AA00303B1A /* Tests macOS.xctest */ = {isa = PBXFileReference; explicitFileType = wrapper.cfbundle; includeInIndex = 0; path = "Tests macOS.xctest"; sourceTree = BUILT_PRODUCTS_DIR; };
		32D75315264830AA00303B1A /* Tests_macOS.swift */ = {isa = PBXFileReference; lastKnownFileType = sourcecode.swift; path = Tests_macOS.swift; sourceTree = "<group>"; };
		32D75317264830AA00303B1A /* Info.plist */ = {isa = PBXFileReference; lastKnownFileType = text.plist.xml; path = Info.plist; sourceTree = "<group>"; };
/* End PBXFileReference section */

/* Begin PBXFrameworksBuildPhase section */
		32D752F3264830AA00303B1A /* Frameworks */ = {
			isa = PBXFrameworksBuildPhase;
			buildActionMask = 2147483647;
			files = (
			);
			runOnlyForDeploymentPostprocessing = 0;
		};
		32D752FB264830AA00303B1A /* Frameworks */ = {
			isa = PBXFrameworksBuildPhase;
			buildActionMask = 2147483647;
			files = (
			);
			runOnlyForDeploymentPostprocessing = 0;
		};
		32D75303264830AA00303B1A /* Frameworks */ = {
			isa = PBXFrameworksBuildPhase;
			buildActionMask = 2147483647;
			files = (
			);
			runOnlyForDeploymentPostprocessing = 0;
		};
		32D7530E264830AA00303B1A /* Frameworks */ = {
			isa = PBXFrameworksBuildPhase;
			buildActionMask = 2147483647;
			files = (
			);
			runOnlyForDeploymentPostprocessing = 0;
		};
/* End PBXFrameworksBuildPhase section */

/* Begin PBXGroup section */
		32D752E9264830A900303B1A = {
			isa = PBXGroup;
			children = (
				32D752EE264830A900303B1A /* Shared */,
				32D752F8264830AA00303B1A /* iOS */,
				32D752FF264830AA00303B1A /* macOS */,
				32D75309264830AA00303B1A /* Tests iOS */,
				32D75314264830AA00303B1A /* Tests macOS */,
				32D752F7264830AA00303B1A /* Products */,
			);
			sourceTree = "<group>";
		};
		32D752EE264830A900303B1A /* Shared */ = {
			isa = PBXGroup;
			children = (
				32D752EF264830A900303B1A /* PockPaperScissorsApp.swift */,
				32D752F0264830A900303B1A /* ContentView.swift */,
				32D752F1264830AA00303B1A /* Assets.xcassets */,
			);
			path = Shared;
			sourceTree = "<group>";
		};
		32D752F7264830AA00303B1A /* Products */ = {
			isa = PBXGroup;
			children = (
				32D752F6264830AA00303B1A /* PockPaperScissors.app */,
				32D752FE264830AA00303B1A /* PockPaperScissors.app */,
				32D75306264830AA00303B1A /* Tests iOS.xctest */,
				32D75311264830AA00303B1A /* Tests macOS.xctest */,
			);
			name = Products;
			sourceTree = "<group>";
		};
		32D752F8264830AA00303B1A /* iOS */ = {
			isa = PBXGroup;
			children = (
				32D752F9264830AA00303B1A /* Info.plist */,
			);
			path = iOS;
			sourceTree = "<group>";
		};
		32D752FF264830AA00303B1A /* macOS */ = {
			isa = PBXGroup;
			children = (
				32D75300264830AA00303B1A /* Info.plist */,
				32D75301264830AA00303B1A /* macOS.entitlements */,
			);
			path = macOS;
			sourceTree = "<group>";
		};
		32D75309264830AA00303B1A /* Tests iOS */ = {
			isa = PBXGroup;
			children = (
				32D7530A264830AA00303B1A /* Tests_iOS.swift */,
				32D7530C264830AA00303B1A /* Info.plist */,
			);
			path = "Tests iOS";
			sourceTree = "<group>";
		};
		32D75314264830AA00303B1A /* Tests macOS */ = {
			isa = PBXGroup;
			children = (
				32D75315264830AA00303B1A /* Tests_macOS.swift */,
				32D75317264830AA00303B1A /* Info.plist */,
			);
			path = "Tests macOS";
			sourceTree = "<group>";
		};
/* End PBXGroup section */

/* Begin PBXNativeTarget section */
		32D752F5264830AA00303B1A /* PockPaperScissors (iOS) */ = {
			isa = PBXNativeTarget;
			buildConfigurationList = 32D75320264830AA00303B1A /* Build configuration list for PBXNativeTarget "PockPaperScissors (iOS)" */;
			buildPhases = (
				32D752F2264830AA00303B1A /* Sources */,
				32D752F3264830AA00303B1A /* Frameworks */,
				32D752F4264830AA00303B1A /* Resources */,
			);
			buildRules = (
			);
			dependencies = (
			);
			name = "PockPaperScissors (iOS)";
			productName = "PockPaperScissors (iOS)";
			productReference = 32D752F6264830AA00303B1A /* PockPaperScissors.app */;
			productType = "com.apple.product-type.application";
		};
		32D752FD264830AA00303B1A /* PockPaperScissors (macOS) */ = {
			isa = PBXNativeTarget;
			buildConfigurationList = 32D75323264830AA00303B1A /* Build configuration list for PBXNativeTarget "PockPaperScissors (macOS)" */;
			buildPhases = (
				32D752FA264830AA00303B1A /* Sources */,
				32D752FB264830AA00303B1A /* Frameworks */,
				32D752FC264830AA00303B1A /* Resources */,
			);
			buildRules = (
			);
			dependencies = (
			);
			name = "PockPaperScissors (macOS)";
			productName = "PockPaperScissors (macOS)";
			productReference = 32D752FE264830AA00303B1A /* PockPaperScissors.app */;
			productType = "com.apple.product-type.application";
		};
		32D75305264830AA00303B1A /* Tests iOS */ = {
			isa = PBXNativeTarget;
			buildConfigurationList = 32D75326264830AA00303B1A /* Build configuration list for PBXNativeTarget "Tests iOS" */;
			buildPhases = (
				32D75302264830AA00303B1A /* Sources */,
				32D75303264830AA00303B1A /* Frameworks */,
				32D75304264830AA00303B1A /* Resources */,
			);
			buildRules = (
			);
			dependencies = (
				32D75308264830AA00303B1A /* PBXTargetDependency */,
			);
			name = "Tests iOS";
			productName = "Tests iOS";
			productReference = 32D75306264830AA00303B1A /* Tests iOS.xctest */;
			productType = "com.apple.product-type.bundle.ui-testing";
		};
		32D75310264830AA00303B1A /* Tests macOS */ = {
			isa = PBXNativeTarget;
			buildConfigurationList = 32D75329264830AA00303B1A /* Build configuration list for PBXNativeTarget "Tests macOS" */;
			buildPhases = (
				32D7530D264830AA00303B1A /* Sources */,
				32D7530E264830AA00303B1A /* Frameworks */,
				32D7530F264830AA00303B1A /* Resources */,
			);
			buildRules = (
			);
			dependencies = (
				32D75313264830AA00303B1A /* PBXTargetDependency */,
			);
			name = "Tests macOS";
			productName = "Tests macOS";
			productReference = 32D75311264830AA00303B1A /* Tests macOS.xctest */;
			productType = "com.apple.product-type.bundle.ui-testing";
		};
/* End PBXNativeTarget section */

/* Begin PBXProject section */
		32D752EA264830A900303B1A /* Project object */ = {
			isa = PBXProject;
			attributes = {
				LastSwiftUpdateCheck = 1250;
				LastUpgradeCheck = 1250;
				TargetAttributes = {
					32D752F5264830AA00303B1A = {
						CreatedOnToolsVersion = 12.5;
					};
					32D752FD264830AA00303B1A = {
						CreatedOnToolsVersion = 12.5;
					};
					32D75305264830AA00303B1A = {
						CreatedOnToolsVersion = 12.5;
						TestTargetID = 32D752F5264830AA00303B1A;
					};
					32D75310264830AA00303B1A = {
						CreatedOnToolsVersion = 12.5;
						TestTargetID = 32D752FD264830AA00303B1A;
					};
				};
			};
			buildConfigurationList = 32D752ED264830A900303B1A /* Build configuration list for PBXProject "PockPaperScissors" */;
			compatibilityVersion = "Xcode 9.3";
			developmentRegion = en;
			hasScannedForEncodings = 0;
			knownRegions = (
				en,
				Base,
			);
			mainGroup = 32D752E9264830A900303B1A;
			productRefGroup = 32D752F7264830AA00303B1A /* Products */;
			projectDirPath = "";
			projectRoot = "";
			targets = (
				32D752F5264830AA00303B1A /* PockPaperScissors (iOS) */,
				32D752FD264830AA00303B1A /* PockPaperScissors (macOS) */,
				32D75305264830AA00303B1A /* Tests iOS */,
				32D75310264830AA00303B1A /* Tests macOS */,
			);
		};
/* End PBXProject section */

/* Begin PBXResourcesBuildPhase section */
		32D752F4264830AA00303B1A /* Resources */ = {
			isa = PBXResourcesBuildPhase;
			buildActionMask = 2147483647;
			files = (
				32D7531C264830AA00303B1A /* Assets.xcassets in Resources */,
			);
			runOnlyForDeploymentPostprocessing = 0;
		};
		32D752FC264830AA00303B1A /* Resources */ = {
			isa = PBXResourcesBuildPhase;
			buildActionMask = 2147483647;
			files = (
				32D7531D264830AA00303B1A /* Assets.xcassets in Resources */,
			);
			runOnlyForDeploymentPostprocessing = 0;
		};
		32D75304264830AA00303B1A /* Resources */ = {
			isa = PBXResourcesBuildPhase;
			buildActionMask = 2147483647;
			files = (
			);
			runOnlyForDeploymentPostprocessing = 0;
		};
		32D7530F264830AA00303B1A /* Resources */ = {
			isa = PBXResourcesBuildPhase;
			buildActionMask = 2147483647;
			files = (
			);
			runOnlyForDeploymentPostprocessing = 0;
		};
/* End PBXResourcesBuildPhase section */

/* Begin PBXSourcesBuildPhase section */
		32D752F2264830AA00303B1A /* Sources */ = {
			isa = PBXSourcesBuildPhase;
			buildActionMask = 2147483647;
			files = (
				32D7531A264830AA00303B1A /* ContentView.swift in Sources */,
				32D75318264830AA00303B1A /* PockPaperScissorsApp.swift in Sources */,
			);
			runOnlyForDeploymentPostprocessing = 0;
		};
		32D752FA264830AA00303B1A /* Sources */ = {
			isa = PBXSourcesBuildPhase;
			buildActionMask = 2147483647;
			files = (
				32D7531B264830AA00303B1A /* ContentView.swift in Sources */,
				32D75319264830AA00303B1A /* PockPaperScissorsApp.swift in Sources */,
			);
			runOnlyForDeploymentPostprocessing = 0;
		};
		32D75302264830AA00303B1A /* Sources */ = {
			isa = PBXSourcesBuildPhase;
			buildActionMask = 2147483647;
			files = (
				32D7530B264830AA00303B1A /* Tests_iOS.swift in Sources */,
			);
			runOnlyForDeploymentPostprocessing = 0;
		};
		32D7530D264830AA00303B1A /* Sources */ = {
			isa = PBXSourcesBuildPhase;
			buildActionMask = 2147483647;
			files = (
				32D75316264830AA00303B1A /* Tests_macOS.swift in Sources */,
			);
			runOnlyForDeploymentPostprocessing = 0;
		};
/* End PBXSourcesBuildPhase section */

/* Begin PBXTargetDependency section */
		32D75308264830AA00303B1A /* PBXTargetDependency */ = {
			isa = PBXTargetDependency;
			target = 32D752F5264830AA00303B1A /* PockPaperScissors (iOS) */;
			targetProxy = 32D75307264830AA00303B1A /* PBXContainerItemProxy */;
		};
		32D75313264830AA00303B1A /* PBXTargetDependency */ = {
			isa = PBXTargetDependency;
			target = 32D752FD264830AA00303B1A /* PockPaperScissors (macOS) */;
			targetProxy = 32D75312264830AA00303B1A /* PBXContainerItemProxy */;
		};
/* End PBXTargetDependency section */

/* Begin XCBuildConfiguration section */
		32D7531E264830AA00303B1A /* Debug */ = {
			isa = XCBuildConfiguration;
			buildSettings = {
				ALWAYS_SEARCH_USER_PATHS = NO;
				CLANG_ANALYZER_NONNULL = YES;
				CLANG_ANALYZER_NUMBER_OBJECT_CONVERSION = YES_AGGRESSIVE;
				CLANG_CXX_LANGUAGE_STANDARD = "gnu++14";
				CLANG_CXX_LIBRARY = "libc++";
				CLANG_ENABLE_MODULES = YES;
				CLANG_ENABLE_OBJC_ARC = YES;
				CLANG_ENABLE_OBJC_WEAK = YES;
				CLANG_WARN_BLOCK_CAPTURE_AUTORELEASING = YES;
				CLANG_WARN_BOOL_CONVERSION = YES;
				CLANG_WARN_COMMA = YES;
				CLANG_WARN_CONSTANT_CONVERSION = YES;
				CLANG_WARN_DEPRECATED_OBJC_IMPLEMENTATIONS = YES;
				CLANG_WARN_DIRECT_OBJC_ISA_USAGE = YES_ERROR;
				CLANG_WARN_DOCUMENTATION_COMMENTS = YES;
				CLANG_WARN_EMPTY_BODY = YES;
				CLANG_WARN_ENUM_CONVERSION = YES;
				CLANG_WARN_INFINITE_RECURSION = YES;
				CLANG_WARN_INT_CONVERSION = YES;
				CLANG_WARN_NON_LITERAL_NULL_CONVERSION = YES;
				CLANG_WARN_OBJC_IMPLICIT_RETAIN_SELF = YES;
				CLANG_WARN_OBJC_LITERAL_CONVERSION = YES;
				CLANG_WARN_OBJC_ROOT_CLASS = YES_ERROR;
				CLANG_WARN_QUOTED_INCLUDE_IN_FRAMEWORK_HEADER = YES;
				CLANG_WARN_RANGE_LOOP_ANALYSIS = YES;
				CLANG_WARN_STRICT_PROTOTYPES = YES;
				CLANG_WARN_SUSPICIOUS_MOVE = YES;
				CLANG_WARN_UNGUARDED_AVAILABILITY = YES_AGGRESSIVE;
				CLANG_WARN_UNREACHABLE_CODE = YES;
				CLANG_WARN__DUPLICATE_METHOD_MATCH = YES;
				COPY_PHASE_STRIP = NO;
				DEBUG_INFORMATION_FORMAT = dwarf;
				ENABLE_STRICT_OBJC_MSGSEND = YES;
				ENABLE_TESTABILITY = YES;
				GCC_C_LANGUAGE_STANDARD = gnu11;
				GCC_DYNAMIC_NO_PIC = NO;
				GCC_NO_COMMON_BLOCKS = YES;
				GCC_OPTIMIZATION_LEVEL = 0;
				GCC_PREPROCESSOR_DEFINITIONS = (
					"DEBUG=1",
					"$(inherited)",
				);
				GCC_WARN_64_TO_32_BIT_CONVERSION = YES;
				GCC_WARN_ABOUT_RETURN_TYPE = YES_ERROR;
				GCC_WARN_UNDECLARED_SELECTOR = YES;
				GCC_WARN_UNINITIALIZED_AUTOS = YES_AGGRESSIVE;
				GCC_WARN_UNUSED_FUNCTION = YES;
				GCC_WARN_UNUSED_VARIABLE = YES;
				IPHONEOS_DEPLOYMENT_TARGET = 14.5;
				MTL_ENABLE_DEBUG_INFO = INCLUDE_SOURCE;
				MTL_FAST_MATH = YES;
				ONLY_ACTIVE_ARCH = YES;
				SWIFT_ACTIVE_COMPILATION_CONDITIONS = DEBUG;
				SWIFT_OPTIMIZATION_LEVEL = "-Onone";
			};
			name = Debug;
		};
		32D7531F264830AA00303B1A /* Release */ = {
			isa = XCBuildConfiguration;
			buildSettings = {
				ALWAYS_SEARCH_USER_PATHS = NO;
				CLANG_ANALYZER_NONNULL = YES;
				CLANG_ANALYZER_NUMBER_OBJECT_CONVERSION = YES_AGGRESSIVE;
				CLANG_CXX_LANGUAGE_STANDARD = "gnu++14";
				CLANG_CXX_LIBRARY = "libc++";
				CLANG_ENABLE_MODULES = YES;
				CLANG_ENABLE_OBJC_ARC = YES;
				CLANG_ENABLE_OBJC_WEAK = YES;
				CLANG_WARN_BLOCK_CAPTURE_AUTORELEASING = YES;
				CLANG_WARN_BOOL_CONVERSION = YES;
				CLANG_WARN_COMMA = YES;
				CLANG_WARN_CONSTANT_CONVERSION = YES;
				CLANG_WARN_DEPRECATED_OBJC_IMPLEMENTATIONS = YES;
				CLANG_WARN_DIRECT_OBJC_ISA_USAGE = YES_ERROR;
				CLANG_WARN_DOCUMENTATION_COMMENTS = YES;
				CLANG_WARN_EMPTY_BODY = YES;
				CLANG_WARN_ENUM_CONVERSION = YES;
				CLANG_WARN_INFINITE_RECURSION = YES;
				CLANG_WARN_INT_CONVERSION = YES;
				CLANG_WARN_NON_LITERAL_NULL_CONVERSION = YES;
				CLANG_WARN_OBJC_IMPLICIT_RETAIN_SELF = YES;
				CLANG_WARN_OBJC_LITERAL_CONVERSION = YES;
				CLANG_WARN_OBJC_ROOT_CLASS = YES_ERROR;
				CLANG_WARN_QUOTED_INCLUDE_IN_FRAMEWORK_HEADER = YES;
				CLANG_WARN_RANGE_LOOP_ANALYSIS = YES;
				CLANG_WARN_STRICT_PROTOTYPES = YES;
				CLANG_WARN_SUSPICIOUS_MOVE = YES;
				CLANG_WARN_UNGUARDED_AVAILABILITY = YES_AGGRESSIVE;
				CLANG_WARN_UNREACHABLE_CODE = YES;
				CLANG_WARN__DUPLICATE_METHOD_MATCH = YES;
				COPY_PHASE_STRIP = NO;
				DEBUG_INFORMATION_FORMAT = "dwarf-with-dsym";
				ENABLE_NS_ASSERTIONS = NO;
				ENABLE_STRICT_OBJC_MSGSEND = YES;
				GCC_C_LANGUAGE_STANDARD = gnu11;
				GCC_NO_COMMON_BLOCKS = YES;
				GCC_WARN_64_TO_32_BIT_CONVERSION = YES;
				GCC_WARN_ABOUT_RETURN_TYPE = YES_ERROR;
				GCC_WARN_UNDECLARED_SELECTOR = YES;
				GCC_WARN_UNINITIALIZED_AUTOS = YES_AGGRESSIVE;
				GCC_WARN_UNUSED_FUNCTION = YES;
				GCC_WARN_UNUSED_VARIABLE = YES;
				IPHONEOS_DEPLOYMENT_TARGET = 14.5;
				MTL_ENABLE_DEBUG_INFO = NO;
				MTL_FAST_MATH = YES;
				SWIFT_COMPILATION_MODE = wholemodule;
				SWIFT_OPTIMIZATION_LEVEL = "-O";
			};
			name = Release;
		};
		32D75321264830AA00303B1A /* Debug */ = {
			isa = XCBuildConfiguration;
			buildSettings = {
				ASSETCATALOG_COMPILER_APPICON_NAME = AppIcon;
				ASSETCATALOG_COMPILER_GLOBAL_ACCENT_COLOR_NAME = AccentColor;
				CODE_SIGN_STYLE = Automatic;
				DEVELOPMENT_TEAM = 9MRVC4V3ND;
				ENABLE_PREVIEWS = YES;
				INFOPLIST_FILE = iOS/Info.plist;
				IPHONEOS_DEPLOYMENT_TARGET = 14.0;
				LD_RUNPATH_SEARCH_PATHS = (
					"$(inherited)",
					"@executable_path/Frameworks",
				);
				PRODUCT_BUNDLE_IDENTIFIER = com.blucode.PockPaperScissors;
				PRODUCT_NAME = PockPaperScissors;
				SDKROOT = iphoneos;
				SWIFT_VERSION = 5.0;
				TARGETED_DEVICE_FAMILY = 1;
			};
			name = Debug;
		};
		32D75322264830AA00303B1A /* Release */ = {
			isa = XCBuildConfiguration;
			buildSettings = {
				ASSETCATALOG_COMPILER_APPICON_NAME = AppIcon;
				ASSETCATALOG_COMPILER_GLOBAL_ACCENT_COLOR_NAME = AccentColor;
				CODE_SIGN_STYLE = Automatic;
				DEVELOPMENT_TEAM = 9MRVC4V3ND;
				ENABLE_PREVIEWS = YES;
				INFOPLIST_FILE = iOS/Info.plist;
				IPHONEOS_DEPLOYMENT_TARGET = 14.0;
				LD_RUNPATH_SEARCH_PATHS = (
					"$(inherited)",
					"@executable_path/Frameworks",
				);
				PRODUCT_BUNDLE_IDENTIFIER = com.blucode.PockPaperScissors;
				PRODUCT_NAME = PockPaperScissors;
				SDKROOT = iphoneos;
				SWIFT_VERSION = 5.0;
				TARGETED_DEVICE_FAMILY = 1;
				VALIDATE_PRODUCT = YES;
			};
			name = Release;
		};
		32D75324264830AA00303B1A /* Debug */ = {
			isa = XCBuildConfiguration;
			buildSettings = {
				ASSETCATALOG_COMPILER_APPICON_NAME = AppIcon;
				ASSETCATALOG_COMPILER_GLOBAL_ACCENT_COLOR_NAME = AccentColor;
				CODE_SIGN_ENTITLEMENTS = macOS/macOS.entitlements;
				CODE_SIGN_STYLE = Automatic;
				COMBINE_HIDPI_IMAGES = YES;
				DEVELOPMENT_TEAM = 9MRVC4V3ND;
				ENABLE_HARDENED_RUNTIME = YES;
				ENABLE_PREVIEWS = YES;
				INFOPLIST_FILE = macOS/Info.plist;
				LD_RUNPATH_SEARCH_PATHS = (
					"$(inherited)",
					"@executable_path/../Frameworks",
				);
				MACOSX_DEPLOYMENT_TARGET = 11.0;
				PRODUCT_BUNDLE_IDENTIFIER = com.blucode.PockPaperScissors;
				PRODUCT_NAME = PockPaperScissors;
				SDKROOT = macosx;
				SWIFT_VERSION = 5.0;
			};
			name = Debug;
		};
		32D75325264830AA00303B1A /* Release */ = {
			isa = XCBuildConfiguration;
			buildSettings = {
				ASSETCATALOG_COMPILER_APPICON_NAME = AppIcon;
				ASSETCATALOG_COMPILER_GLOBAL_ACCENT_COLOR_NAME = AccentColor;
				CODE_SIGN_ENTITLEMENTS = macOS/macOS.entitlements;
				CODE_SIGN_STYLE = Automatic;
				COMBINE_HIDPI_IMAGES = YES;
				DEVELOPMENT_TEAM = 9MRVC4V3ND;
				ENABLE_HARDENED_RUNTIME = YES;
				ENABLE_PREVIEWS = YES;
				INFOPLIST_FILE = macOS/Info.plist;
				LD_RUNPATH_SEARCH_PATHS = (
					"$(inherited)",
					"@executable_path/../Frameworks",
				);
				MACOSX_DEPLOYMENT_TARGET = 11.0;
				PRODUCT_BUNDLE_IDENTIFIER = com.blucode.PockPaperScissors;
				PRODUCT_NAME = PockPaperScissors;
				SDKROOT = macosx;
				SWIFT_VERSION = 5.0;
			};
			name = Release;
		};
		32D75327264830AA00303B1A /* Debug */ = {
			isa = XCBuildConfiguration;
			buildSettings = {
				ALWAYS_EMBED_SWIFT_STANDARD_LIBRARIES = YES;
				CODE_SIGN_STYLE = Automatic;
				DEVELOPMENT_TEAM = 9MRVC4V3ND;
				INFOPLIST_FILE = "Tests iOS/Info.plist";
				IPHONEOS_DEPLOYMENT_TARGET = 14.5;
				LD_RUNPATH_SEARCH_PATHS = (
					"$(inherited)",
					"@executable_path/Frameworks",
					"@loader_path/Frameworks",
				);
				PRODUCT_BUNDLE_IDENTIFIER = "com.blucode.Tests-iOS";
				PRODUCT_NAME = "$(TARGET_NAME)";
				SDKROOT = iphoneos;
				SWIFT_VERSION = 5.0;
				TARGETED_DEVICE_FAMILY = "1,2";
				TEST_TARGET_NAME = "PockPaperScissors (iOS)";
			};
			name = Debug;
		};
		32D75328264830AA00303B1A /* Release */ = {
			isa = XCBuildConfiguration;
			buildSettings = {
				ALWAYS_EMBED_SWIFT_STANDARD_LIBRARIES = YES;
				CODE_SIGN_STYLE = Automatic;
				DEVELOPMENT_TEAM = 9MRVC4V3ND;
				INFOPLIST_FILE = "Tests iOS/Info.plist";
				IPHONEOS_DEPLOYMENT_TARGET = 14.5;
				LD_RUNPATH_SEARCH_PATHS = (
					"$(inherited)",
					"@executable_path/Frameworks",
					"@loader_path/Frameworks",
				);
				PRODUCT_BUNDLE_IDENTIFIER = "com.blucode.Tests-iOS";
				PRODUCT_NAME = "$(TARGET_NAME)";
				SDKROOT = iphoneos;
				SWIFT_VERSION = 5.0;
				TARGETED_DEVICE_FAMILY = "1,2";
				TEST_TARGET_NAME = "PockPaperScissors (iOS)";
				VALIDATE_PRODUCT = YES;
			};
			name = Release;
		};
		32D7532A264830AA00303B1A /* Debug */ = {
			isa = XCBuildConfiguration;
			buildSettings = {
				ALWAYS_EMBED_SWIFT_STANDARD_LIBRARIES = YES;
				CODE_SIGN_STYLE = Automatic;
				COMBINE_HIDPI_IMAGES = YES;
				DEVELOPMENT_TEAM = 9MRVC4V3ND;
				INFOPLIST_FILE = "Tests macOS/Info.plist";
				LD_RUNPATH_SEARCH_PATHS = (
					"$(inherited)",
					"@executable_path/../Frameworks",
					"@loader_path/../Frameworks",
				);
				MACOSX_DEPLOYMENT_TARGET = 11.3;
				PRODUCT_BUNDLE_IDENTIFIER = "com.blucode.Tests-macOS";
				PRODUCT_NAME = "$(TARGET_NAME)";
				SDKROOT = macosx;
				SWIFT_VERSION = 5.0;
				TEST_TARGET_NAME = "PockPaperScissors (macOS)";
			};
			name = Debug;
		};
		32D7532B264830AA00303B1A /* Release */ = {
			isa = XCBuildConfiguration;
			buildSettings = {
				ALWAYS_EMBED_SWIFT_STANDARD_LIBRARIES = YES;
				CODE_SIGN_STYLE = Automatic;
				COMBINE_HIDPI_IMAGES = YES;
				DEVELOPMENT_TEAM = 9MRVC4V3ND;
				INFOPLIST_FILE = "Tests macOS/Info.plist";
				LD_RUNPATH_SEARCH_PATHS = (
					"$(inherited)",
					"@executable_path/../Frameworks",
					"@loader_path/../Frameworks",
				);
				MACOSX_DEPLOYMENT_TARGET = 11.3;
				PRODUCT_BUNDLE_IDENTIFIER = "com.blucode.Tests-macOS";
				PRODUCT_NAME = "$(TARGET_NAME)";
				SDKROOT = macosx;
				SWIFT_VERSION = 5.0;
				TEST_TARGET_NAME = "PockPaperScissors (macOS)";
			};
			name = Release;
		};
/* End XCBuildConfiguration section */

/* Begin XCConfigurationList section */
		32D752ED264830A900303B1A /* Build configuration list for PBXProject "PockPaperScissors" */ = {
			isa = XCConfigurationList;
			buildConfigurations = (
				32D7531E264830AA00303B1A /* Debug */,
				32D7531F264830AA00303B1A /* Release */,
			);
			defaultConfigurationIsVisible = 0;
			defaultConfigurationName = Release;
		};
		32D75320264830AA00303B1A /* Build configuration list for PBXNativeTarget "PockPaperScissors (iOS)" */ = {
			isa = XCConfigurationList;
			buildConfigurations = (
				32D75321264830AA00303B1A /* Debug */,
				32D75322264830AA00303B1A /* Release */,
			);
			defaultConfigurationIsVisible = 0;
			defaultConfigurationName = Release;
		};
		32D75323264830AA00303B1A /* Build configuration list for PBXNativeTarget "PockPaperScissors (macOS)" */ = {
			isa = XCConfigurationList;
			buildConfigurations = (
				32D75324264830AA00303B1A /* Debug */,
				32D75325264830AA00303B1A /* Release */,
			);
			defaultConfigurationIsVisible = 0;
			defaultConfigurationName = Release;
		};
		32D75326264830AA00303B1A /* Build configuration list for PBXNativeTarget "Tests iOS" */ = {
			isa = XCConfigurationList;
			buildConfigurations = (
				32D75327264830AA00303B1A /* Debug */,
				32D75328264830AA00303B1A /* Release */,
			);
			defaultConfigurationIsVisible = 0;
			defaultConfigurationName = Release;
		};
		32D75329264830AA00303B1A /* Build configuration list for PBXNativeTarget "Tests macOS" */ = {
			isa = XCConfigurationList;
			buildConfigurations = (
				32D7532A264830AA00303B1A /* Debug */,
				32D7532B264830AA00303B1A /* Release */,
			);
			defaultConfigurationIsVisible = 0;
			defaultConfigurationName = Release;
		};
/* End XCConfigurationList section */
	};
	rootObject = 32D752EA264830A900303B1A /* Project object */;
}
