// !$*UTF8*$!
{
	archiveVersion = 1;
	classes = {
	};
	objectVersion = 55;
	objects = {

/* Begin PBXBuildFile section */
		3258D3C92729764A00D1451E /* friendface.json in Resources */ = {isa = PBXBuildFile; fileRef = 3258D3C82729764A00D1451E /* friendface.json */; };
		3258D3CB272979ED00D1451E /* Bundle-Decodable.swift in Sources */ = {isa = PBXBuildFile; fileRef = 3258D3CA272979ED00D1451E /* Bundle-Decodable.swift */; };
		3258D3CD2729DB1B00D1451E /* DetailView.swift in Sources */ = {isa = PBXBuildFile; fileRef = 3258D3CC2729DB1B00D1451E /* DetailView.swift */; };
		32A36CB0272D85BC00B00A39 /* Assets.xcassets in Resources */ = {isa = PBXBuildFile; fileRef = 32A36CAF272D85BC00B00A39 /* Assets.xcassets */; };
		32A36CB6272D85BC00B00A39 /* Friends4Watch WatchKit Extension.appex in Embed App Extensions */ = {isa = PBXBuildFile; fileRef = 32A36CB5272D85BC00B00A39 /* Friends4Watch WatchKit Extension.appex */; settings = {ATTRIBUTES = (RemoveHeadersOnCopy, ); }; };
		32A36CBB272D85BC00B00A39 /* FriendsApp.swift in Sources */ = {isa = PBXBuildFile; fileRef = 32A36CBA272D85BC00B00A39 /* FriendsApp.swift */; };
		32A36CBD272D85BC00B00A39 /* ContentView.swift in Sources */ = {isa = PBXBuildFile; fileRef = 32A36CBC272D85BC00B00A39 /* ContentView.swift */; };
		32A36CBF272D85BC00B00A39 /* NotificationController.swift in Sources */ = {isa = PBXBuildFile; fileRef = 32A36CBE272D85BC00B00A39 /* NotificationController.swift */; };
		32A36CC1272D85BC00B00A39 /* NotificationView.swift in Sources */ = {isa = PBXBuildFile; fileRef = 32A36CC0272D85BC00B00A39 /* NotificationView.swift */; };
		32A36CC3272D85BC00B00A39 /* ComplicationController.swift in Sources */ = {isa = PBXBuildFile; fileRef = 32A36CC2272D85BC00B00A39 /* ComplicationController.swift */; };
		32A36CC5272D85BD00B00A39 /* Assets.xcassets in Resources */ = {isa = PBXBuildFile; fileRef = 32A36CC4272D85BD00B00A39 /* Assets.xcassets */; };
		32A36CC8272D85BD00B00A39 /* Preview Assets.xcassets in Resources */ = {isa = PBXBuildFile; fileRef = 32A36CC7272D85BD00B00A39 /* Preview Assets.xcassets */; };
		32A36CCD272D85BD00B00A39 /* Friends4Watch.app in Embed Watch Content */ = {isa = PBXBuildFile; fileRef = 32A36CAD272D85BC00B00A39 /* Friends4Watch.app */; settings = {ATTRIBUTES = (RemoveHeadersOnCopy, ); }; };
		32D438F92724437000BC7636 /* FriendsApp.swift in Sources */ = {isa = PBXBuildFile; fileRef = 32D438F82724437000BC7636 /* FriendsApp.swift */; };
		32D438FB2724437000BC7636 /* ContentView.swift in Sources */ = {isa = PBXBuildFile; fileRef = 32D438FA2724437000BC7636 /* ContentView.swift */; };
		32D438FD2724437100BC7636 /* Assets.xcassets in Resources */ = {isa = PBXBuildFile; fileRef = 32D438FC2724437100BC7636 /* Assets.xcassets */; };
		32D439002724437100BC7636 /* Preview Assets.xcassets in Resources */ = {isa = PBXBuildFile; fileRef = 32D438FF2724437100BC7636 /* Preview Assets.xcassets */; };
/* End PBXBuildFile section */

/* Begin PBXContainerItemProxy section */
		32A36CB7272D85BC00B00A39 /* PBXContainerItemProxy */ = {
			isa = PBXContainerItemProxy;
			containerPortal = 32D438ED2724437000BC7636 /* Project object */;
			proxyType = 1;
			remoteGlobalIDString = 32A36CB4272D85BC00B00A39;
			remoteInfo = "Friends4Watch WatchKit Extension";
		};
		32A36CCB272D85BD00B00A39 /* PBXContainerItemProxy */ = {
			isa = PBXContainerItemProxy;
			containerPortal = 32D438ED2724437000BC7636 /* Project object */;
			proxyType = 1;
			remoteGlobalIDString = 32A36CAC272D85BC00B00A39;
			remoteInfo = Friends4Watch;
		};
/* End PBXContainerItemProxy section */

/* Begin PBXCopyFilesBuildPhase section */
		32A36CD1272D85BD00B00A39 /* Embed App Extensions */ = {
			isa = PBXCopyFilesBuildPhase;
			buildActionMask = 2147483647;
			dstPath = "";
			dstSubfolderSpec = 13;
			files = (
				32A36CB6272D85BC00B00A39 /* Friends4Watch WatchKit Extension.appex in Embed App Extensions */,
			);
			name = "Embed App Extensions";
			runOnlyForDeploymentPostprocessing = 0;
		};
		32A36CD5272D85BD00B00A39 /* Embed Watch Content */ = {
			isa = PBXCopyFilesBuildPhase;
			buildActionMask = 2147483647;
			dstPath = "$(CONTENTS_FOLDER_PATH)/Watch";
			dstSubfolderSpec = 16;
			files = (
				32A36CCD272D85BD00B00A39 /* Friends4Watch.app in Embed Watch Content */,
			);
			name = "Embed Watch Content";
			runOnlyForDeploymentPostprocessing = 0;
		};
/* End PBXCopyFilesBuildPhase section */

/* Begin PBXFileReference section */
		3258D3C82729764A00D1451E /* friendface.json */ = {isa = PBXFileReference; fileEncoding = 4; lastKnownFileType = text.json; path = friendface.json; sourceTree = "<group>"; };
		3258D3CA272979ED00D1451E /* Bundle-Decodable.swift */ = {isa = PBXFileReference; fileEncoding = 4; lastKnownFileType = sourcecode.swift; path = "Bundle-Decodable.swift"; sourceTree = "<group>"; };
		3258D3CC2729DB1B00D1451E /* DetailView.swift */ = {isa = PBXFileReference; lastKnownFileType = sourcecode.swift; path = DetailView.swift; sourceTree = "<group>"; };
		32A36CAD272D85BC00B00A39 /* Friends4Watch.app */ = {isa = PBXFileReference; explicitFileType = wrapper.application; includeInIndex = 0; path = Friends4Watch.app; sourceTree = BUILT_PRODUCTS_DIR; };
		32A36CAF272D85BC00B00A39 /* Assets.xcassets */ = {isa = PBXFileReference; lastKnownFileType = folder.assetcatalog; path = Assets.xcassets; sourceTree = "<group>"; };
		32A36CB5272D85BC00B00A39 /* Friends4Watch WatchKit Extension.appex */ = {isa = PBXFileReference; explicitFileType = "wrapper.app-extension"; includeInIndex = 0; path = "Friends4Watch WatchKit Extension.appex"; sourceTree = BUILT_PRODUCTS_DIR; };
		32A36CBA272D85BC00B00A39 /* FriendsApp.swift */ = {isa = PBXFileReference; lastKnownFileType = sourcecode.swift; path = FriendsApp.swift; sourceTree = "<group>"; };
		32A36CBC272D85BC00B00A39 /* ContentView.swift */ = {isa = PBXFileReference; lastKnownFileType = sourcecode.swift; path = ContentView.swift; sourceTree = "<group>"; };
		32A36CBE272D85BC00B00A39 /* NotificationController.swift */ = {isa = PBXFileReference; lastKnownFileType = sourcecode.swift; path = NotificationController.swift; sourceTree = "<group>"; };
		32A36CC0272D85BC00B00A39 /* NotificationView.swift */ = {isa = PBXFileReference; lastKnownFileType = sourcecode.swift; path = NotificationView.swift; sourceTree = "<group>"; };
		32A36CC2272D85BC00B00A39 /* ComplicationController.swift */ = {isa = PBXFileReference; lastKnownFileType = sourcecode.swift; path = ComplicationController.swift; sourceTree = "<group>"; };
		32A36CC4272D85BD00B00A39 /* Assets.xcassets */ = {isa = PBXFileReference; lastKnownFileType = folder.assetcatalog; path = Assets.xcassets; sourceTree = "<group>"; };
		32A36CC7272D85BD00B00A39 /* Preview Assets.xcassets */ = {isa = PBXFileReference; lastKnownFileType = folder.assetcatalog; path = "Preview Assets.xcassets"; sourceTree = "<group>"; };
		32A36CC9272D85BD00B00A39 /* Info.plist */ = {isa = PBXFileReference; lastKnownFileType = text.plist.xml; path = Info.plist; sourceTree = "<group>"; };
		32A36CCA272D85BD00B00A39 /* PushNotificationPayload.apns */ = {isa = PBXFileReference; lastKnownFileType = text; path = PushNotificationPayload.apns; sourceTree = "<group>"; };
		32D438F52724437000BC7636 /* Friends.app */ = {isa = PBXFileReference; explicitFileType = wrapper.application; includeInIndex = 0; path = Friends.app; sourceTree = BUILT_PRODUCTS_DIR; };
		32D438F82724437000BC7636 /* FriendsApp.swift */ = {isa = PBXFileReference; lastKnownFileType = sourcecode.swift; path = FriendsApp.swift; sourceTree = "<group>"; };
		32D438FA2724437000BC7636 /* ContentView.swift */ = {isa = PBXFileReference; lastKnownFileType = sourcecode.swift; path = ContentView.swift; sourceTree = "<group>"; };
		32D438FC2724437100BC7636 /* Assets.xcassets */ = {isa = PBXFileReference; lastKnownFileType = folder.assetcatalog; path = Assets.xcassets; sourceTree = "<group>"; };
		32D438FF2724437100BC7636 /* Preview Assets.xcassets */ = {isa = PBXFileReference; lastKnownFileType = folder.assetcatalog; path = "Preview Assets.xcassets"; sourceTree = "<group>"; };
/* End PBXFileReference section */

/* Begin PBXFrameworksBuildPhase section */
		32A36CB2272D85BC00B00A39 /* Frameworks */ = {
			isa = PBXFrameworksBuildPhase;
			buildActionMask = 2147483647;
			files = (
			);
			runOnlyForDeploymentPostprocessing = 0;
		};
		32D438F22724437000BC7636 /* Frameworks */ = {
			isa = PBXFrameworksBuildPhase;
			buildActionMask = 2147483647;
			files = (
			);
			runOnlyForDeploymentPostprocessing = 0;
		};
/* End PBXFrameworksBuildPhase section */

/* Begin PBXGroup section */
		32A36CAE272D85BC00B00A39 /* Friends4Watch */ = {
			isa = PBXGroup;
			children = (
				32A36CAF272D85BC00B00A39 /* Assets.xcassets */,
			);
			path = Friends4Watch;
			sourceTree = "<group>";
		};
		32A36CB9272D85BC00B00A39 /* Friends4Watch WatchKit Extension */ = {
			isa = PBXGroup;
			children = (
				32A36CBA272D85BC00B00A39 /* FriendsApp.swift */,
				32A36CBC272D85BC00B00A39 /* ContentView.swift */,
				32A36CBE272D85BC00B00A39 /* NotificationController.swift */,
				32A36CC0272D85BC00B00A39 /* NotificationView.swift */,
				32A36CC2272D85BC00B00A39 /* ComplicationController.swift */,
				32A36CC4272D85BD00B00A39 /* Assets.xcassets */,
				32A36CC9272D85BD00B00A39 /* Info.plist */,
				32A36CCA272D85BD00B00A39 /* PushNotificationPayload.apns */,
				32A36CC6272D85BD00B00A39 /* Preview Content */,
			);
			path = "Friends4Watch WatchKit Extension";
			sourceTree = "<group>";
		};
		32A36CC6272D85BD00B00A39 /* Preview Content */ = {
			isa = PBXGroup;
			children = (
				32A36CC7272D85BD00B00A39 /* Preview Assets.xcassets */,
			);
			path = "Preview Content";
			sourceTree = "<group>";
		};
		32D438EC2724437000BC7636 = {
			isa = PBXGroup;
			children = (
				32D438F72724437000BC7636 /* Friends */,
				32A36CAE272D85BC00B00A39 /* Friends4Watch */,
				32A36CB9272D85BC00B00A39 /* Friends4Watch WatchKit Extension */,
				32D438F62724437000BC7636 /* Products */,
			);
			sourceTree = "<group>";
		};
		32D438F62724437000BC7636 /* Products */ = {
			isa = PBXGroup;
			children = (
				32D438F52724437000BC7636 /* Friends.app */,
				32A36CAD272D85BC00B00A39 /* Friends4Watch.app */,
				32A36CB5272D85BC00B00A39 /* Friends4Watch WatchKit Extension.appex */,
			);
			name = Products;
			sourceTree = "<group>";
		};
		32D438F72724437000BC7636 /* Friends */ = {
			isa = PBXGroup;
			children = (
				32D438FC2724437100BC7636 /* Assets.xcassets */,
				32D438FA2724437000BC7636 /* ContentView.swift */,
				3258D3CC2729DB1B00D1451E /* DetailView.swift */,
				3258D3CA272979ED00D1451E /* Bundle-Decodable.swift */,
				32D438F82724437000BC7636 /* FriendsApp.swift */,
				3258D3C82729764A00D1451E /* friendface.json */,
				32D438FE2724437100BC7636 /* Preview Content */,
			);
			path = Friends;
			sourceTree = "<group>";
		};
		32D438FE2724437100BC7636 /* Preview Content */ = {
			isa = PBXGroup;
			children = (
				32D438FF2724437100BC7636 /* Preview Assets.xcassets */,
			);
			path = "Preview Content";
			sourceTree = "<group>";
		};
/* End PBXGroup section */

/* Begin PBXNativeTarget section */
		32A36CAC272D85BC00B00A39 /* Friends4Watch */ = {
			isa = PBXNativeTarget;
			buildConfigurationList = 32A36CD2272D85BD00B00A39 /* Build configuration list for PBXNativeTarget "Friends4Watch" */;
			buildPhases = (
				32A36CAB272D85BC00B00A39 /* Resources */,
				32A36CD1272D85BD00B00A39 /* Embed App Extensions */,
			);
			buildRules = (
			);
			dependencies = (
				32A36CB8272D85BC00B00A39 /* PBXTargetDependency */,
			);
			name = Friends4Watch;
			productName = Friends4Watch;
			productReference = 32A36CAD272D85BC00B00A39 /* Friends4Watch.app */;
			productType = "com.apple.product-type.application.watchapp2";
		};
		32A36CB4272D85BC00B00A39 /* Friends4Watch WatchKit Extension */ = {
			isa = PBXNativeTarget;
			buildConfigurationList = 32A36CCE272D85BD00B00A39 /* Build configuration list for PBXNativeTarget "Friends4Watch WatchKit Extension" */;
			buildPhases = (
				32A36CB1272D85BC00B00A39 /* Sources */,
				32A36CB2272D85BC00B00A39 /* Frameworks */,
				32A36CB3272D85BC00B00A39 /* Resources */,
			);
			buildRules = (
			);
			dependencies = (
			);
			name = "Friends4Watch WatchKit Extension";
			productName = "Friends4Watch WatchKit Extension";
			productReference = 32A36CB5272D85BC00B00A39 /* Friends4Watch WatchKit Extension.appex */;
			productType = "com.apple.product-type.watchkit2-extension";
		};
		32D438F42724437000BC7636 /* Friends */ = {
			isa = PBXNativeTarget;
			buildConfigurationList = 32D439082724437100BC7636 /* Build configuration list for PBXNativeTarget "Friends" */;
			buildPhases = (
				32D438F12724437000BC7636 /* Sources */,
				32D438F22724437000BC7636 /* Frameworks */,
				32D438F32724437000BC7636 /* Resources */,
				32A36CD5272D85BD00B00A39 /* Embed Watch Content */,
			);
			buildRules = (
			);
			dependencies = (
				32A36CCC272D85BD00B00A39 /* PBXTargetDependency */,
			);
			name = Friends;
			productName = Friends;
			productReference = 32D438F52724437000BC7636 /* Friends.app */;
			productType = "com.apple.product-type.application";
		};
/* End PBXNativeTarget section */

/* Begin PBXProject section */
		32D438ED2724437000BC7636 /* Project object */ = {
			isa = PBXProject;
			attributes = {
				BuildIndependentTargetsInParallel = 1;
				LastSwiftUpdateCheck = 1310;
				LastUpgradeCheck = 1300;
				TargetAttributes = {
					32A36CAC272D85BC00B00A39 = {
						CreatedOnToolsVersion = 13.1;
					};
					32A36CB4272D85BC00B00A39 = {
						CreatedOnToolsVersion = 13.1;
					};
					32D438F42724437000BC7636 = {
						CreatedOnToolsVersion = 13.0;
					};
				};
			};
			buildConfigurationList = 32D438F02724437000BC7636 /* Build configuration list for PBXProject "Friends" */;
			compatibilityVersion = "Xcode 13.0";
			developmentRegion = en;
			hasScannedForEncodings = 0;
			knownRegions = (
				en,
				Base,
			);
			mainGroup = 32D438EC2724437000BC7636;
			productRefGroup = 32D438F62724437000BC7636 /* Products */;
			projectDirPath = "";
			projectRoot = "";
			targets = (
				32D438F42724437000BC7636 /* Friends */,
				32A36CAC272D85BC00B00A39 /* Friends4Watch */,
				32A36CB4272D85BC00B00A39 /* Friends4Watch WatchKit Extension */,
			);
		};
/* End PBXProject section */

/* Begin PBXResourcesBuildPhase section */
		32A36CAB272D85BC00B00A39 /* Resources */ = {
			isa = PBXResourcesBuildPhase;
			buildActionMask = 2147483647;
			files = (
				32A36CB0272D85BC00B00A39 /* Assets.xcassets in Resources */,
			);
			runOnlyForDeploymentPostprocessing = 0;
		};
		32A36CB3272D85BC00B00A39 /* Resources */ = {
			isa = PBXResourcesBuildPhase;
			buildActionMask = 2147483647;
			files = (
				32A36CC8272D85BD00B00A39 /* Preview Assets.xcassets in Resources */,
				32A36CC5272D85BD00B00A39 /* Assets.xcassets in Resources */,
			);
			runOnlyForDeploymentPostprocessing = 0;
		};
		32D438F32724437000BC7636 /* Resources */ = {
			isa = PBXResourcesBuildPhase;
			buildActionMask = 2147483647;
			files = (
				32D439002724437100BC7636 /* Preview Assets.xcassets in Resources */,
				32D438FD2724437100BC7636 /* Assets.xcassets in Resources */,
				3258D3C92729764A00D1451E /* friendface.json in Resources */,
			);
			runOnlyForDeploymentPostprocessing = 0;
		};
/* End PBXResourcesBuildPhase section */

/* Begin PBXSourcesBuildPhase section */
		32A36CB1272D85BC00B00A39 /* Sources */ = {
			isa = PBXSourcesBuildPhase;
			buildActionMask = 2147483647;
			files = (
				32A36CBF272D85BC00B00A39 /* NotificationController.swift in Sources */,
				32A36CBD272D85BC00B00A39 /* ContentView.swift in Sources */,
				32A36CC3272D85BC00B00A39 /* ComplicationController.swift in Sources */,
				32A36CBB272D85BC00B00A39 /* FriendsApp.swift in Sources */,
				32A36CC1272D85BC00B00A39 /* NotificationView.swift in Sources */,
			);
			runOnlyForDeploymentPostprocessing = 0;
		};
		32D438F12724437000BC7636 /* Sources */ = {
			isa = PBXSourcesBuildPhase;
			buildActionMask = 2147483647;
			files = (
				3258D3CD2729DB1B00D1451E /* DetailView.swift in Sources */,
				32D438FB2724437000BC7636 /* ContentView.swift in Sources */,
				3258D3CB272979ED00D1451E /* Bundle-Decodable.swift in Sources */,
				32D438F92724437000BC7636 /* FriendsApp.swift in Sources */,
			);
			runOnlyForDeploymentPostprocessing = 0;
		};
/* End PBXSourcesBuildPhase section */

/* Begin PBXTargetDependency section */
		32A36CB8272D85BC00B00A39 /* PBXTargetDependency */ = {
			isa = PBXTargetDependency;
			target = 32A36CB4272D85BC00B00A39 /* Friends4Watch WatchKit Extension */;
			targetProxy = 32A36CB7272D85BC00B00A39 /* PBXContainerItemProxy */;
		};
		32A36CCC272D85BD00B00A39 /* PBXTargetDependency */ = {
			isa = PBXTargetDependency;
			target = 32A36CAC272D85BC00B00A39 /* Friends4Watch */;
			targetProxy = 32A36CCB272D85BD00B00A39 /* PBXContainerItemProxy */;
		};
/* End PBXTargetDependency section */

/* Begin XCBuildConfiguration section */
		32A36CCF272D85BD00B00A39 /* Debug */ = {
			isa = XCBuildConfiguration;
			buildSettings = {
				ASSETCATALOG_COMPILER_COMPLICATION_NAME = Complication;
				CODE_SIGN_STYLE = Automatic;
				CURRENT_PROJECT_VERSION = 1;
				DEVELOPMENT_ASSET_PATHS = "\"Friends4Watch WatchKit Extension/Preview Content\"";
				DEVELOPMENT_TEAM = KLXN3CVK5J;
				ENABLE_PREVIEWS = YES;
				GENERATE_INFOPLIST_FILE = YES;
				INFOPLIST_FILE = "Friends4Watch WatchKit Extension/Info.plist";
				INFOPLIST_KEY_CFBundleDisplayName = "Friends4Watch WatchKit Extension";
				INFOPLIST_KEY_CLKComplicationPrincipalClass = "$(PRODUCT_MODULE_NAME).ComplicationController";
				INFOPLIST_KEY_NSHumanReadableCopyright = "";
				LD_RUNPATH_SEARCH_PATHS = (
					"$(inherited)",
					"@executable_path/Frameworks",
					"@executable_path/../../Frameworks",
				);
				MARKETING_VERSION = 1.0;
				PRODUCT_BUNDLE_IDENTIFIER = com.blucode.Friends.watchkitapp.watchkitextension;
				PRODUCT_NAME = "${TARGET_NAME}";
				SDKROOT = watchos;
				SKIP_INSTALL = YES;
				SWIFT_EMIT_LOC_STRINGS = YES;
				SWIFT_VERSION = 5.0;
				TARGETED_DEVICE_FAMILY = 4;
				WATCHOS_DEPLOYMENT_TARGET = 8.0;
			};
			name = Debug;
		};
		32A36CD0272D85BD00B00A39 /* Release */ = {
			isa = XCBuildConfiguration;
			buildSettings = {
				ASSETCATALOG_COMPILER_COMPLICATION_NAME = Complication;
				CODE_SIGN_STYLE = Automatic;
				CURRENT_PROJECT_VERSION = 1;
				DEVELOPMENT_ASSET_PATHS = "\"Friends4Watch WatchKit Extension/Preview Content\"";
				DEVELOPMENT_TEAM = KLXN3CVK5J;
				ENABLE_PREVIEWS = YES;
				GENERATE_INFOPLIST_FILE = YES;
				INFOPLIST_FILE = "Friends4Watch WatchKit Extension/Info.plist";
				INFOPLIST_KEY_CFBundleDisplayName = "Friends4Watch WatchKit Extension";
				INFOPLIST_KEY_CLKComplicationPrincipalClass = "$(PRODUCT_MODULE_NAME).ComplicationController";
				INFOPLIST_KEY_NSHumanReadableCopyright = "";
				LD_RUNPATH_SEARCH_PATHS = (
					"$(inherited)",
					"@executable_path/Frameworks",
					"@executable_path/../../Frameworks",
				);
				MARKETING_VERSION = 1.0;
				PRODUCT_BUNDLE_IDENTIFIER = com.blucode.Friends.watchkitapp.watchkitextension;
				PRODUCT_NAME = "${TARGET_NAME}";
				SDKROOT = watchos;
				SKIP_INSTALL = YES;
				SWIFT_EMIT_LOC_STRINGS = YES;
				SWIFT_VERSION = 5.0;
				TARGETED_DEVICE_FAMILY = 4;
				WATCHOS_DEPLOYMENT_TARGET = 8.0;
			};
			name = Release;
		};
		32A36CD3272D85BD00B00A39 /* Debug */ = {
			isa = XCBuildConfiguration;
			buildSettings = {
				ALWAYS_EMBED_SWIFT_STANDARD_LIBRARIES = YES;
				ASSETCATALOG_COMPILER_APPICON_NAME = AppIcon;
				ASSETCATALOG_COMPILER_GLOBAL_ACCENT_COLOR_NAME = AccentColor;
				CODE_SIGN_STYLE = Automatic;
				CURRENT_PROJECT_VERSION = 1;
				DEVELOPMENT_TEAM = KLXN3CVK5J;
				GENERATE_INFOPLIST_FILE = YES;
				IBSC_MODULE = Friends4Watch_WatchKit_Extension;
				INFOPLIST_KEY_CFBundleDisplayName = Friends4Watch;
				INFOPLIST_KEY_UISupportedInterfaceOrientations = "UIInterfaceOrientationPortrait UIInterfaceOrientationPortraitUpsideDown";
				INFOPLIST_KEY_WKCompanionAppBundleIdentifier = com.blucode.Friends;
				MARKETING_VERSION = 1.0;
				PRODUCT_BUNDLE_IDENTIFIER = com.blucode.Friends.watchkitapp;
				PRODUCT_NAME = "$(TARGET_NAME)";
				SDKROOT = watchos;
				SKIP_INSTALL = YES;
				SWIFT_EMIT_LOC_STRINGS = YES;
				SWIFT_VERSION = 5.0;
				TARGETED_DEVICE_FAMILY = 4;
				WATCHOS_DEPLOYMENT_TARGET = 8.0;
			};
			name = Debug;
		};
		32A36CD4272D85BD00B00A39 /* Release */ = {
			isa = XCBuildConfiguration;
			buildSettings = {
				ALWAYS_EMBED_SWIFT_STANDARD_LIBRARIES = YES;
				ASSETCATALOG_COMPILER_APPICON_NAME = AppIcon;
				ASSETCATALOG_COMPILER_GLOBAL_ACCENT_COLOR_NAME = AccentColor;
				CODE_SIGN_STYLE = Automatic;
				CURRENT_PROJECT_VERSION = 1;
				DEVELOPMENT_TEAM = KLXN3CVK5J;
				GENERATE_INFOPLIST_FILE = YES;
				IBSC_MODULE = Friends4Watch_WatchKit_Extension;
				INFOPLIST_KEY_CFBundleDisplayName = Friends4Watch;
				INFOPLIST_KEY_UISupportedInterfaceOrientations = "UIInterfaceOrientationPortrait UIInterfaceOrientationPortraitUpsideDown";
				INFOPLIST_KEY_WKCompanionAppBundleIdentifier = com.blucode.Friends;
				MARKETING_VERSION = 1.0;
				PRODUCT_BUNDLE_IDENTIFIER = com.blucode.Friends.watchkitapp;
				PRODUCT_NAME = "$(TARGET_NAME)";
				SDKROOT = watchos;
				SKIP_INSTALL = YES;
				SWIFT_EMIT_LOC_STRINGS = YES;
				SWIFT_VERSION = 5.0;
				TARGETED_DEVICE_FAMILY = 4;
				WATCHOS_DEPLOYMENT_TARGET = 8.0;
			};
			name = Release;
		};
		32D439062724437100BC7636 /* Debug */ = {
			isa = XCBuildConfiguration;
			buildSettings = {
				ALWAYS_SEARCH_USER_PATHS = NO;
				CLANG_ANALYZER_NONNULL = YES;
				CLANG_ANALYZER_NUMBER_OBJECT_CONVERSION = YES_AGGRESSIVE;
				CLANG_CXX_LANGUAGE_STANDARD = "gnu++17";
				CLANG_CXX_LIBRARY = "libc++";
				CLANG_ENABLE_MODULES = YES;
				CLANG_ENABLE_OBJC_ARC = YES;
				CLANG_ENABLE_OBJC_WEAK = YES;
				CLANG_WARN_BLOCK_CAPTURE_AUTORELEASING = YES;
				CLANG_WARN_BOOL_CONVERSION = YES;
				CLANG_WARN_COMMA = YES;
				CLANG_WARN_CONSTANT_CONVERSION = YES;
				CLANG_WARN_DEPRECATED_OBJC_IMPLEMENTATIONS = YES;
				CLANG_WARN_DIRECT_OBJC_ISA_USAGE = YES_ERROR;
				CLANG_WARN_DOCUMENTATION_COMMENTS = YES;
				CLANG_WARN_EMPTY_BODY = YES;
				CLANG_WARN_ENUM_CONVERSION = YES;
				CLANG_WARN_INFINITE_RECURSION = YES;
				CLANG_WARN_INT_CONVERSION = YES;
				CLANG_WARN_NON_LITERAL_NULL_CONVERSION = YES;
				CLANG_WARN_OBJC_IMPLICIT_RETAIN_SELF = YES;
				CLANG_WARN_OBJC_LITERAL_CONVERSION = YES;
				CLANG_WARN_OBJC_ROOT_CLASS = YES_ERROR;
				CLANG_WARN_QUOTED_INCLUDE_IN_FRAMEWORK_HEADER = YES;
				CLANG_WARN_RANGE_LOOP_ANALYSIS = YES;
				CLANG_WARN_STRICT_PROTOTYPES = YES;
				CLANG_WARN_SUSPICIOUS_MOVE = YES;
				CLANG_WARN_UNGUARDED_AVAILABILITY = YES_AGGRESSIVE;
				CLANG_WARN_UNREACHABLE_CODE = YES;
				CLANG_WARN__DUPLICATE_METHOD_MATCH = YES;
				COPY_PHASE_STRIP = NO;
				DEBUG_INFORMATION_FORMAT = dwarf;
				ENABLE_STRICT_OBJC_MSGSEND = YES;
				ENABLE_TESTABILITY = YES;
				GCC_C_LANGUAGE_STANDARD = gnu11;
				GCC_DYNAMIC_NO_PIC = NO;
				GCC_NO_COMMON_BLOCKS = YES;
				GCC_OPTIMIZATION_LEVEL = 0;
				GCC_PREPROCESSOR_DEFINITIONS = (
					"DEBUG=1",
					"$(inherited)",
				);
				GCC_WARN_64_TO_32_BIT_CONVERSION = YES;
				GCC_WARN_ABOUT_RETURN_TYPE = YES_ERROR;
				GCC_WARN_UNDECLARED_SELECTOR = YES;
				GCC_WARN_UNINITIALIZED_AUTOS = YES_AGGRESSIVE;
				GCC_WARN_UNUSED_FUNCTION = YES;
				GCC_WARN_UNUSED_VARIABLE = YES;
				IPHONEOS_DEPLOYMENT_TARGET = 15.0;
				MTL_ENABLE_DEBUG_INFO = INCLUDE_SOURCE;
				MTL_FAST_MATH = YES;
				ONLY_ACTIVE_ARCH = YES;
				SDKROOT = iphoneos;
				SWIFT_ACTIVE_COMPILATION_CONDITIONS = DEBUG;
				SWIFT_OPTIMIZATION_LEVEL = "-Onone";
			};
			name = Debug;
		};
		32D439072724437100BC7636 /* Release */ = {
			isa = XCBuildConfiguration;
			buildSettings = {
				ALWAYS_SEARCH_USER_PATHS = NO;
				CLANG_ANALYZER_NONNULL = YES;
				CLANG_ANALYZER_NUMBER_OBJECT_CONVERSION = YES_AGGRESSIVE;
				CLANG_CXX_LANGUAGE_STANDARD = "gnu++17";
				CLANG_CXX_LIBRARY = "libc++";
				CLANG_ENABLE_MODULES = YES;
				CLANG_ENABLE_OBJC_ARC = YES;
				CLANG_ENABLE_OBJC_WEAK = YES;
				CLANG_WARN_BLOCK_CAPTURE_AUTORELEASING = YES;
				CLANG_WARN_BOOL_CONVERSION = YES;
				CLANG_WARN_COMMA = YES;
				CLANG_WARN_CONSTANT_CONVERSION = YES;
				CLANG_WARN_DEPRECATED_OBJC_IMPLEMENTATIONS = YES;
				CLANG_WARN_DIRECT_OBJC_ISA_USAGE = YES_ERROR;
				CLANG_WARN_DOCUMENTATION_COMMENTS = YES;
				CLANG_WARN_EMPTY_BODY = YES;
				CLANG_WARN_ENUM_CONVERSION = YES;
				CLANG_WARN_INFINITE_RECURSION = YES;
				CLANG_WARN_INT_CONVERSION = YES;
				CLANG_WARN_NON_LITERAL_NULL_CONVERSION = YES;
				CLANG_WARN_OBJC_IMPLICIT_RETAIN_SELF = YES;
				CLANG_WARN_OBJC_LITERAL_CONVERSION = YES;
				CLANG_WARN_OBJC_ROOT_CLASS = YES_ERROR;
				CLANG_WARN_QUOTED_INCLUDE_IN_FRAMEWORK_HEADER = YES;
				CLANG_WARN_RANGE_LOOP_ANALYSIS = YES;
				CLANG_WARN_STRICT_PROTOTYPES = YES;
				CLANG_WARN_SUSPICIOUS_MOVE = YES;
				CLANG_WARN_UNGUARDED_AVAILABILITY = YES_AGGRESSIVE;
				CLANG_WARN_UNREACHABLE_CODE = YES;
				CLANG_WARN__DUPLICATE_METHOD_MATCH = YES;
				COPY_PHASE_STRIP = NO;
				DEBUG_INFORMATION_FORMAT = "dwarf-with-dsym";
				ENABLE_NS_ASSERTIONS = NO;
				ENABLE_STRICT_OBJC_MSGSEND = YES;
				GCC_C_LANGUAGE_STANDARD = gnu11;
				GCC_NO_COMMON_BLOCKS = YES;
				GCC_WARN_64_TO_32_BIT_CONVERSION = YES;
				GCC_WARN_ABOUT_RETURN_TYPE = YES_ERROR;
				GCC_WARN_UNDECLARED_SELECTOR = YES;
				GCC_WARN_UNINITIALIZED_AUTOS = YES_AGGRESSIVE;
				GCC_WARN_UNUSED_FUNCTION = YES;
				GCC_WARN_UNUSED_VARIABLE = YES;
				IPHONEOS_DEPLOYMENT_TARGET = 15.0;
				MTL_ENABLE_DEBUG_INFO = NO;
				MTL_FAST_MATH = YES;
				SDKROOT = iphoneos;
				SWIFT_COMPILATION_MODE = wholemodule;
				SWIFT_OPTIMIZATION_LEVEL = "-O";
				VALIDATE_PRODUCT = YES;
			};
			name = Release;
		};
		32D439092724437100BC7636 /* Debug */ = {
			isa = XCBuildConfiguration;
			buildSettings = {
				ASSETCATALOG_COMPILER_APPICON_NAME = AppIcon;
				ASSETCATALOG_COMPILER_GLOBAL_ACCENT_COLOR_NAME = AccentColor;
				CODE_SIGN_STYLE = Automatic;
				CURRENT_PROJECT_VERSION = 1;
				DEVELOPMENT_ASSET_PATHS = "\"Friends/Preview Content\"";
				DEVELOPMENT_TEAM = KLXN3CVK5J;
				ENABLE_PREVIEWS = YES;
				GENERATE_INFOPLIST_FILE = YES;
				INFOPLIST_KEY_UIApplicationSceneManifest_Generation = YES;
				INFOPLIST_KEY_UIApplicationSupportsIndirectInputEvents = YES;
				INFOPLIST_KEY_UILaunchScreen_Generation = YES;
				INFOPLIST_KEY_UISupportedInterfaceOrientations = UIInterfaceOrientationPortrait;
				INFOPLIST_KEY_UISupportedInterfaceOrientations_iPad = "UIInterfaceOrientationPortrait UIInterfaceOrientationPortraitUpsideDown UIInterfaceOrientationLandscapeLeft UIInterfaceOrientationLandscapeRight";
				INFOPLIST_KEY_UISupportedInterfaceOrientations_iPhone = "UIInterfaceOrientationPortrait UIInterfaceOrientationLandscapeLeft UIInterfaceOrientationLandscapeRight";
				IPHONEOS_DEPLOYMENT_TARGET = 15.0;
				LD_RUNPATH_SEARCH_PATHS = (
					"$(inherited)",
					"@executable_path/Frameworks",
				);
				MARKETING_VERSION = 1.0;
				PRODUCT_BUNDLE_IDENTIFIER = com.blucode.Friends;
				PRODUCT_NAME = "$(TARGET_NAME)";
				SWIFT_EMIT_LOC_STRINGS = YES;
				SWIFT_VERSION = 5.0;
				TARGETED_DEVICE_FAMILY = 1;
			};
			name = Debug;
		};
		32D4390A2724437100BC7636 /* Release */ = {
			isa = XCBuildConfiguration;
			buildSettings = {
				ASSETCATALOG_COMPILER_APPICON_NAME = AppIcon;
				ASSETCATALOG_COMPILER_GLOBAL_ACCENT_COLOR_NAME = AccentColor;
				CODE_SIGN_STYLE = Automatic;
				CURRENT_PROJECT_VERSION = 1;
				DEVELOPMENT_ASSET_PATHS = "\"Friends/Preview Content\"";
				DEVELOPMENT_TEAM = KLXN3CVK5J;
				ENABLE_PREVIEWS = YES;
				GENERATE_INFOPLIST_FILE = YES;
				INFOPLIST_KEY_UIApplicationSceneManifest_Generation = YES;
				INFOPLIST_KEY_UIApplicationSupportsIndirectInputEvents = YES;
				INFOPLIST_KEY_UILaunchScreen_Generation = YES;
				INFOPLIST_KEY_UISupportedInterfaceOrientations = UIInterfaceOrientationPortrait;
				INFOPLIST_KEY_UISupportedInterfaceOrientations_iPad = "UIInterfaceOrientationPortrait UIInterfaceOrientationPortraitUpsideDown UIInterfaceOrientationLandscapeLeft UIInterfaceOrientationLandscapeRight";
				INFOPLIST_KEY_UISupportedInterfaceOrientations_iPhone = "UIInterfaceOrientationPortrait UIInterfaceOrientationLandscapeLeft UIInterfaceOrientationLandscapeRight";
				IPHONEOS_DEPLOYMENT_TARGET = 15.0;
				LD_RUNPATH_SEARCH_PATHS = (
					"$(inherited)",
					"@executable_path/Frameworks",
				);
				MARKETING_VERSION = 1.0;
				PRODUCT_BUNDLE_IDENTIFIER = com.blucode.Friends;
				PRODUCT_NAME = "$(TARGET_NAME)";
				SWIFT_EMIT_LOC_STRINGS = YES;
				SWIFT_VERSION = 5.0;
				TARGETED_DEVICE_FAMILY = 1;
			};
			name = Release;
		};
/* End XCBuildConfiguration section */

/* Begin XCConfigurationList section */
		32A36CCE272D85BD00B00A39 /* Build configuration list for PBXNativeTarget "Friends4Watch WatchKit Extension" */ = {
			isa = XCConfigurationList;
			buildConfigurations = (
				32A36CCF272D85BD00B00A39 /* Debug */,
				32A36CD0272D85BD00B00A39 /* Release */,
			);
			defaultConfigurationIsVisible = 0;
			defaultConfigurationName = Release;
		};
		32A36CD2272D85BD00B00A39 /* Build configuration list for PBXNativeTarget "Friends4Watch" */ = {
			isa = XCConfigurationList;
			buildConfigurations = (
				32A36CD3272D85BD00B00A39 /* Debug */,
				32A36CD4272D85BD00B00A39 /* Release */,
			);
			defaultConfigurationIsVisible = 0;
			defaultConfigurationName = Release;
		};
		32D438F02724437000BC7636 /* Build configuration list for PBXProject "Friends" */ = {
			isa = XCConfigurationList;
			buildConfigurations = (
				32D439062724437100BC7636 /* Debug */,
				32D439072724437100BC7636 /* Release */,
			);
			defaultConfigurationIsVisible = 0;
			defaultConfigurationName = Release;
		};
		32D439082724437100BC7636 /* Build configuration list for PBXNativeTarget "Friends" */ = {
			isa = XCConfigurationList;
			buildConfigurations = (
				32D439092724437100BC7636 /* Debug */,
				32D4390A2724437100BC7636 /* Release */,
			);
			defaultConfigurationIsVisible = 0;
			defaultConfigurationName = Release;
		};
/* End XCConfigurationList section */
	};
	rootObject = 32D438ED2724437000BC7636 /* Project object */;
}
